// !$*UTF8*$!
{
	archiveVersion = 1;
	classes = {
	};
	objectVersion = 46;
	objects = {

/* Begin PBXBuildFile section */
		F05C39E31BDF16FF003D830D /* main.m in Sources */ = {isa = PBXBuildFile; fileRef = F05C39E21BDF16FF003D830D /* main.m */; };
		F05C39E61BDF16FF003D830D /* AppDelegate.m in Sources */ = {isa = PBXBuildFile; fileRef = F05C39E51BDF16FF003D830D /* AppDelegate.m */; };
		F05C39EC1BDF16FF003D830D /* Main.storyboard in Resources */ = {isa = PBXBuildFile; fileRef = F05C39EA1BDF16FF003D830D /* Main.storyboard */; };
		F05C39EE1BDF16FF003D830D /* Images.xcassets in Resources */ = {isa = PBXBuildFile; fileRef = F05C39ED1BDF16FF003D830D /* Images.xcassets */; };
		F05C39F11BDF16FF003D830D /* LaunchScreen.xib in Resources */ = {isa = PBXBuildFile; fileRef = F05C39EF1BDF16FF003D830D /* LaunchScreen.xib */; };
		F05C39FD1BDF16FF003D830D /* ___Tests.m in Sources */ = {isa = PBXBuildFile; fileRef = F05C39FC1BDF16FF003D830D /* ___Tests.m */; };
		F05C3A081BDF17C8003D830D /* CJViewController.m in Sources */ = {isa = PBXBuildFile; fileRef = F05C3A071BDF17C8003D830D /* CJViewController.m */; };
		F05C3A0B1BDF1827003D830D /* CJWaterFlowView.m in Sources */ = {isa = PBXBuildFile; fileRef = F05C3A0A1BDF1827003D830D /* CJWaterFlowView.m */; };
		F05C3A0E1BDF1840003D830D /* CJWaterFlowViewCell.m in Sources */ = {isa = PBXBuildFile; fileRef = F05C3A0D1BDF1840003D830D /* CJWaterFlowViewCell.m */; };
		F05C3A111BDF23D7003D830D /* UIView+Extension.m in Sources */ = {isa = PBXBuildFile; fileRef = F05C3A101BDF23D7003D830D /* UIView+Extension.m */; };
/* End PBXBuildFile section */

/* Begin PBXContainerItemProxy section */
		F05C39F71BDF16FF003D830D /* PBXContainerItemProxy */ = {
			isa = PBXContainerItemProxy;
			containerPortal = F05C39D51BDF16FF003D830D /* Project object */;
			proxyType = 1;
			remoteGlobalIDString = F05C39DC1BDF16FF003D830D;
			remoteInfo = "瀑布流";
		};
/* End PBXContainerItemProxy section */

/* Begin PBXFileReference section */
		F05C39DD1BDF16FF003D830D /* 瀑布流.app */ = {isa = PBXFileReference; explicitFileType = wrapper.application; includeInIndex = 0; path = "瀑布流.app"; sourceTree = BUILT_PRODUCTS_DIR; };
		F05C39E11BDF16FF003D830D /* Info.plist */ = {isa = PBXFileReference; lastKnownFileType = text.plist.xml; path = Info.plist; sourceTree = "<group>"; };
		F05C39E21BDF16FF003D830D /* main.m */ = {isa = PBXFileReference; lastKnownFileType = sourcecode.c.objc; path = main.m; sourceTree = "<group>"; };
		F05C39E41BDF16FF003D830D /* AppDelegate.h */ = {isa = PBXFileReference; lastKnownFileType = sourcecode.c.h; path = AppDelegate.h; sourceTree = "<group>"; };
		F05C39E51BDF16FF003D830D /* AppDelegate.m */ = {isa = PBXFileReference; lastKnownFileType = sourcecode.c.objc; path = AppDelegate.m; sourceTree = "<group>"; };
		F05C39EB1BDF16FF003D830D /* Base */ = {isa = PBXFileReference; lastKnownFileType = file.storyboard; name = Base; path = Base.lproj/Main.storyboard; sourceTree = "<group>"; };
		F05C39ED1BDF16FF003D830D /* Images.xcassets */ = {isa = PBXFileReference; lastKnownFileType = folder.assetcatalog; path = Images.xcassets; sourceTree = "<group>"; };
		F05C39F01BDF16FF003D830D /* Base */ = {isa = PBXFileReference; lastKnownFileType = file.xib; name = Base; path = Base.lproj/LaunchScreen.xib; sourceTree = "<group>"; };
		F05C39F61BDF16FF003D830D /* 瀑布流Tests.xctest */ = {isa = PBXFileReference; explicitFileType = wrapper.cfbundle; includeInIndex = 0; path = "瀑布流Tests.xctest"; sourceTree = BUILT_PRODUCTS_DIR; };
		F05C39FB1BDF16FF003D830D /* Info.plist */ = {isa = PBXFileReference; lastKnownFileType = text.plist.xml; path = Info.plist; sourceTree = "<group>"; };
		F05C39FC1BDF16FF003D830D /* ___Tests.m */ = {isa = PBXFileReference; lastKnownFileType = sourcecode.c.objc; path = "___Tests.m"; sourceTree = "<group>"; };
		F05C3A061BDF17C8003D830D /* CJViewController.h */ = {isa = PBXFileReference; fileEncoding = 4; lastKnownFileType = sourcecode.c.h; path = CJViewController.h; sourceTree = "<group>"; };
		F05C3A071BDF17C8003D830D /* CJViewController.m */ = {isa = PBXFileReference; fileEncoding = 4; lastKnownFileType = sourcecode.c.objc; path = CJViewController.m; sourceTree = "<group>"; };
		F05C3A091BDF1827003D830D /* CJWaterFlowView.h */ = {isa = PBXFileReference; fileEncoding = 4; lastKnownFileType = sourcecode.c.h; path = CJWaterFlowView.h; sourceTree = "<group>"; };
		F05C3A0A1BDF1827003D830D /* CJWaterFlowView.m */ = {isa = PBXFileReference; fileEncoding = 4; lastKnownFileType = sourcecode.c.objc; path = CJWaterFlowView.m; sourceTree = "<group>"; };
		F05C3A0C1BDF1840003D830D /* CJWaterFlowViewCell.h */ = {isa = PBXFileReference; fileEncoding = 4; lastKnownFileType = sourcecode.c.h; path = CJWaterFlowViewCell.h; sourceTree = "<group>"; };
		F05C3A0D1BDF1840003D830D /* CJWaterFlowViewCell.m */ = {isa = PBXFileReference; fileEncoding = 4; lastKnownFileType = sourcecode.c.objc; path = CJWaterFlowViewCell.m; sourceTree = "<group>"; };
		F05C3A0F1BDF23D7003D830D /* UIView+Extension.h */ = {isa = PBXFileReference; fileEncoding = 4; lastKnownFileType = sourcecode.c.h; path = "UIView+Extension.h"; sourceTree = "<group>"; };
		F05C3A101BDF23D7003D830D /* UIView+Extension.m */ = {isa = PBXFileReference; fileEncoding = 4; lastKnownFileType = sourcecode.c.objc; path = "UIView+Extension.m"; sourceTree = "<group>"; };
		F05C3A121BDF23FD003D830D /* PrefixHeader.pch */ = {isa = PBXFileReference; lastKnownFileType = sourcecode.c.h; path = PrefixHeader.pch; sourceTree = "<group>"; };
/* End PBXFileReference section */

/* Begin PBXFrameworksBuildPhase section */
		F05C39DA1BDF16FF003D830D /* Frameworks */ = {
			isa = PBXFrameworksBuildPhase;
			buildActionMask = 2147483647;
			files = (
			);
			runOnlyForDeploymentPostprocessing = 0;
		};
		F05C39F31BDF16FF003D830D /* Frameworks */ = {
			isa = PBXFrameworksBuildPhase;
			buildActionMask = 2147483647;
			files = (
			);
			runOnlyForDeploymentPostprocessing = 0;
		};
/* End PBXFrameworksBuildPhase section */

/* Begin PBXGroup section */
		F05C39D41BDF16FF003D830D = {
			isa = PBXGroup;
			children = (
				F05C39DF1BDF16FF003D830D /* 瀑布流 */,
				F05C39F91BDF16FF003D830D /* 瀑布流Tests */,
				F05C39DE1BDF16FF003D830D /* Products */,
			);
			sourceTree = "<group>";
		};
		F05C39DE1BDF16FF003D830D /* Products */ = {
			isa = PBXGroup;
			children = (
				F05C39DD1BDF16FF003D830D /* 瀑布流.app */,
				F05C39F61BDF16FF003D830D /* 瀑布流Tests.xctest */,
			);
			name = Products;
			sourceTree = "<group>";
		};
		F05C39DF1BDF16FF003D830D /* 瀑布流 */ = {
			isa = PBXGroup;
			children = (
				F05C3A0F1BDF23D7003D830D /* UIView+Extension.h */,
				F05C3A101BDF23D7003D830D /* UIView+Extension.m */,
				F05C39E41BDF16FF003D830D /* AppDelegate.h */,
				F05C39E51BDF16FF003D830D /* AppDelegate.m */,
				F05C3A061BDF17C8003D830D /* CJViewController.h */,
				F05C3A071BDF17C8003D830D /* CJViewController.m */,
				F05C3A091BDF1827003D830D /* CJWaterFlowView.h */,
				F05C3A0A1BDF1827003D830D /* CJWaterFlowView.m */,
				F05C3A0C1BDF1840003D830D /* CJWaterFlowViewCell.h */,
				F05C3A0D1BDF1840003D830D /* CJWaterFlowViewCell.m */,
				F05C39EA1BDF16FF003D830D /* Main.storyboard */,
				F05C3A121BDF23FD003D830D /* PrefixHeader.pch */,
				F05C39ED1BDF16FF003D830D /* Images.xcassets */,
				F05C39EF1BDF16FF003D830D /* LaunchScreen.xib */,
				F05C39E01BDF16FF003D830D /* Supporting Files */,
			);
			path = "瀑布流";
			sourceTree = "<group>";
		};
		F05C39E01BDF16FF003D830D /* Supporting Files */ = {
			isa = PBXGroup;
			children = (
				F05C39E11BDF16FF003D830D /* Info.plist */,
				F05C39E21BDF16FF003D830D /* main.m */,
			);
			name = "Supporting Files";
			sourceTree = "<group>";
		};
		F05C39F91BDF16FF003D830D /* 瀑布流Tests */ = {
			isa = PBXGroup;
			children = (
				F05C39FC1BDF16FF003D830D /* ___Tests.m */,
				F05C39FA1BDF16FF003D830D /* Supporting Files */,
			);
			path = "瀑布流Tests";
			sourceTree = "<group>";
		};
		F05C39FA1BDF16FF003D830D /* Supporting Files */ = {
			isa = PBXGroup;
			children = (
				F05C39FB1BDF16FF003D830D /* Info.plist */,
			);
			name = "Supporting Files";
			sourceTree = "<group>";
		};
/* End PBXGroup section */

/* Begin PBXNativeTarget section */
		F05C39DC1BDF16FF003D830D /* 瀑布流 */ = {
			isa = PBXNativeTarget;
			buildConfigurationList = F05C3A001BDF16FF003D830D /* Build configuration list for PBXNativeTarget "瀑布流" */;
			buildPhases = (
				F05C39D91BDF16FF003D830D /* Sources */,
				F05C39DA1BDF16FF003D830D /* Frameworks */,
				F05C39DB1BDF16FF003D830D /* Resources */,
			);
			buildRules = (
			);
			dependencies = (
			);
			name = "瀑布流";
			productName = "瀑布流";
			productReference = F05C39DD1BDF16FF003D830D /* 瀑布流.app */;
			productType = "com.apple.product-type.application";
		};
		F05C39F51BDF16FF003D830D /* 瀑布流Tests */ = {
			isa = PBXNativeTarget;
			buildConfigurationList = F05C3A031BDF16FF003D830D /* Build configuration list for PBXNativeTarget "瀑布流Tests" */;
			buildPhases = (
				F05C39F21BDF16FF003D830D /* Sources */,
				F05C39F31BDF16FF003D830D /* Frameworks */,
				F05C39F41BDF16FF003D830D /* Resources */,
			);
			buildRules = (
			);
			dependencies = (
				F05C39F81BDF16FF003D830D /* PBXTargetDependency */,
			);
			name = "瀑布流Tests";
			productName = "瀑布流Tests";
			productReference = F05C39F61BDF16FF003D830D /* 瀑布流Tests.xctest */;
			productType = "com.apple.product-type.bundle.unit-test";
		};
/* End PBXNativeTarget section */

/* Begin PBXProject section */
		F05C39D51BDF16FF003D830D /* Project object */ = {
			isa = PBXProject;
			attributes = {
				CLASSPREFIX = CJ;
				LastUpgradeCheck = 0640;
				ORGANIZATIONNAME = mac527;
				TargetAttributes = {
					F05C39DC1BDF16FF003D830D = {
						CreatedOnToolsVersion = 6.4;
					};
					F05C39F51BDF16FF003D830D = {
						CreatedOnToolsVersion = 6.4;
						TestTargetID = F05C39DC1BDF16FF003D830D;
					};
				};
			};
			buildConfigurationList = F05C39D81BDF16FF003D830D /* Build configuration list for PBXProject "瀑布流" */;
			compatibilityVersion = "Xcode 3.2";
			developmentRegion = English;
			hasScannedForEncodings = 0;
			knownRegions = (
				en,
				Base,
			);
			mainGroup = F05C39D41BDF16FF003D830D;
			productRefGroup = F05C39DE1BDF16FF003D830D /* Products */;
			projectDirPath = "";
			projectRoot = "";
			targets = (
				F05C39DC1BDF16FF003D830D /* 瀑布流 */,
				F05C39F51BDF16FF003D830D /* 瀑布流Tests */,
			);
		};
/* End PBXProject section */

/* Begin PBXResourcesBuildPhase section */
		F05C39DB1BDF16FF003D830D /* Resources */ = {
			isa = PBXResourcesBuildPhase;
			buildActionMask = 2147483647;
			files = (
				F05C39EC1BDF16FF003D830D /* Main.storyboard in Resources */,
				F05C39F11BDF16FF003D830D /* LaunchScreen.xib in Resources */,
				F05C39EE1BDF16FF003D830D /* Images.xcassets in Resources */,
			);
			runOnlyForDeploymentPostprocessing = 0;
		};
		F05C39F41BDF16FF003D830D /* Resources */ = {
			isa = PBXResourcesBuildPhase;
			buildActionMask = 2147483647;
			files = (
			);
			runOnlyForDeploymentPostprocessing = 0;
		};
/* End PBXResourcesBuildPhase section */

/* Begin PBXSourcesBuildPhase section */
		F05C39D91BDF16FF003D830D /* Sources */ = {
			isa = PBXSourcesBuildPhase;
			buildActionMask = 2147483647;
			files = (
				F05C3A111BDF23D7003D830D /* UIView+Extension.m in Sources */,
				F05C39E61BDF16FF003D830D /* AppDelegate.m in Sources */,
				F05C39E31BDF16FF003D830D /* main.m in Sources */,
				F05C3A081BDF17C8003D830D /* CJViewController.m in Sources */,
				F05C3A0B1BDF1827003D830D /* CJWaterFlowView.m in Sources */,
				F05C3A0E1BDF1840003D830D /* CJWaterFlowViewCell.m in Sources */,
			);
			runOnlyForDeploymentPostprocessing = 0;
		};
		F05C39F21BDF16FF003D830D /* Sources */ = {
			isa = PBXSourcesBuildPhase;
			buildActionMask = 2147483647;
			files = (
				F05C39FD1BDF16FF003D830D /* ___Tests.m in Sources */,
			);
			runOnlyForDeploymentPostprocessing = 0;
		};
/* End PBXSourcesBuildPhase section */

/* Begin PBXTargetDependency section */
		F05C39F81BDF16FF003D830D /* PBXTargetDependency */ = {
			isa = PBXTargetDependency;
			target = F05C39DC1BDF16FF003D830D /* 瀑布流 */;
			targetProxy = F05C39F71BDF16FF003D830D /* PBXContainerItemProxy */;
		};
/* End PBXTargetDependency section */

/* Begin PBXVariantGroup section */
		F05C39EA1BDF16FF003D830D /* Main.storyboard */ = {
			isa = PBXVariantGroup;
			children = (
				F05C39EB1BDF16FF003D830D /* Base */,
			);
			name = Main.storyboard;
			sourceTree = "<group>";
		};
		F05C39EF1BDF16FF003D830D /* LaunchScreen.xib */ = {
			isa = PBXVariantGroup;
			children = (
				F05C39F01BDF16FF003D830D /* Base */,
			);
			name = LaunchScreen.xib;
			sourceTree = "<group>";
		};
/* End PBXVariantGroup section */

/* Begin XCBuildConfiguration section */
		F05C39FE1BDF16FF003D830D /* Debug */ = {
			isa = XCBuildConfiguration;
			buildSettings = {
				ALWAYS_SEARCH_USER_PATHS = NO;
				CLANG_CXX_LANGUAGE_STANDARD = "gnu++0x";
				CLANG_CXX_LIBRARY = "libc++";
				CLANG_ENABLE_MODULES = YES;
				CLANG_ENABLE_OBJC_ARC = YES;
				CLANG_WARN_BOOL_CONVERSION = YES;
				CLANG_WARN_CONSTANT_CONVERSION = YES;
				CLANG_WARN_DIRECT_OBJC_ISA_USAGE = YES_ERROR;
				CLANG_WARN_EMPTY_BODY = YES;
				CLANG_WARN_ENUM_CONVERSION = YES;
				CLANG_WARN_INT_CONVERSION = YES;
				CLANG_WARN_OBJC_ROOT_CLASS = YES_ERROR;
				CLANG_WARN_UNREACHABLE_CODE = YES;
				CLANG_WARN__DUPLICATE_METHOD_MATCH = YES;
				"CODE_SIGN_IDENTITY[sdk=iphoneos*]" = "iPhone Developer";
				COPY_PHASE_STRIP = NO;
				DEBUG_INFORMATION_FORMAT = "dwarf-with-dsym";
				ENABLE_STRICT_OBJC_MSGSEND = YES;
				GCC_C_LANGUAGE_STANDARD = gnu99;
				GCC_DYNAMIC_NO_PIC = NO;
				GCC_NO_COMMON_BLOCKS = YES;
				GCC_OPTIMIZATION_LEVEL = 0;
				GCC_PREPROCESSOR_DEFINITIONS = (
					"DEBUG=1",
					"$(inherited)",
				);
				GCC_SYMBOLS_PRIVATE_EXTERN = NO;
				GCC_WARN_64_TO_32_BIT_CONVERSION = YES;
				GCC_WARN_ABOUT_RETURN_TYPE = YES_ERROR;
				GCC_WARN_UNDECLARED_SELECTOR = YES;
				GCC_WARN_UNINITIALIZED_AUTOS = YES_AGGRESSIVE;
				GCC_WARN_UNUSED_FUNCTION = YES;
				GCC_WARN_UNUSED_VARIABLE = YES;
				IPHONEOS_DEPLOYMENT_TARGET = 8.4;
				MTL_ENABLE_DEBUG_INFO = YES;
				ONLY_ACTIVE_ARCH = YES;
				SDKROOT = iphoneos;
			};
			name = Debug;
		};
		F05C39FF1BDF16FF003D830D /* Release */ = {
			isa = XCBuildConfiguration;
			buildSettings = {
				ALWAYS_SEARCH_USER_PATHS = NO;
				CLANG_CXX_LANGUAGE_STANDARD = "gnu++0x";
				CLANG_CXX_LIBRARY = "libc++";
				CLANG_ENABLE_MODULES = YES;
				CLANG_ENABLE_OBJC_ARC = YES;
				CLANG_WARN_BOOL_CONVERSION = YES;
				CLANG_WARN_CONSTANT_CONVERSION = YES;
				CLANG_WARN_DIRECT_OBJC_ISA_USAGE = YES_ERROR;
				CLANG_WARN_EMPTY_BODY = YES;
				CLANG_WARN_ENUM_CONVERSION = YES;
				CLANG_WARN_INT_CONVERSION = YES;
				CLANG_WARN_OBJC_ROOT_CLASS = YES_ERROR;
				CLANG_WARN_UNREACHABLE_CODE = YES;
				CLANG_WARN__DUPLICATE_METHOD_MATCH = YES;
				"CODE_SIGN_IDENTITY[sdk=iphoneos*]" = "iPhone Developer";
				COPY_PHASE_STRIP = NO;
				DEBUG_INFORMATION_FORMAT = "dwarf-with-dsym";
				ENABLE_NS_ASSERTIONS = NO;
				ENABLE_STRICT_OBJC_MSGSEND = YES;
				GCC_C_LANGUAGE_STANDARD = gnu99;
				GCC_NO_COMMON_BLOCKS = YES;
				GCC_WARN_64_TO_32_BIT_CONVERSION = YES;
				GCC_WARN_ABOUT_RETURN_TYPE = YES_ERROR;
				GCC_WARN_UNDECLARED_SELECTOR = YES;
				GCC_WARN_UNINITIALIZED_AUTOS = YES_AGGRESSIVE;
				GCC_WARN_UNUSED_FUNCTION = YES;
				GCC_WARN_UNUSED_VARIABLE = YES;
				IPHONEOS_DEPLOYMENT_TARGET = 8.4;
				MTL_ENABLE_DEBUG_INFO = NO;
				SDKROOT = iphoneos;
				VALIDATE_PRODUCT = YES;
			};
			name = Release;
		};
		F05C3A011BDF16FF003D830D /* Debug */ = {
			isa = XCBuildConfiguration;
			buildSettings = {
				ASSETCATALOG_COMPILER_APPICON_NAME = AppIcon;
				GCC_PREFIX_HEADER = "$(SRCROOT)/瀑布流/PrefixHeader.pch";
				INFOPLIST_FILE = "瀑布流/Info.plist";
				LD_RUNPATH_SEARCH_PATHS = "$(inherited) @executable_path/Frameworks";
				PRODUCT_NAME = "$(TARGET_NAME)";
			};
			name = Debug;
		};
		F05C3A021BDF16FF003D830D /* Release */ = {
			isa = XCBuildConfiguration;
			buildSettings = {
				ASSETCATALOG_COMPILER_APPICON_NAME = AppIcon;
				GCC_PREFIX_HEADER = "$(SRCROOT)/瀑布流/PrefixHeader.pch";
				INFOPLIST_FILE = "瀑布流/Info.plist";
				LD_RUNPATH_SEARCH_PATHS = "$(inherited) @executable_path/Frameworks";
				PRODUCT_NAME = "$(TARGET_NAME)";
			};
			name = Release;
		};
		F05C3A041BDF16FF003D830D /* Debug */ = {
			isa = XCBuildConfiguration;
			buildSettings = {
				BUNDLE_LOADER = "$(TEST_HOST)";
				FRAMEWORK_SEARCH_PATHS = (
					"$(SDKROOT)/Developer/Library/Frameworks",
					"$(inherited)",
				);
				GCC_PREPROCESSOR_DEFINITIONS = (
					"DEBUG=1",
					"$(inherited)",
				);
				INFOPLIST_FILE = "瀑布流Tests/Info.plist";
				LD_RUNPATH_SEARCH_PATHS = "$(inherited) @executable_path/Frameworks @loader_path/Frameworks";
				PRODUCT_NAME = "$(TARGET_NAME)";
				TEST_HOST = "$(BUILT_PRODUCTS_DIR)/瀑布流.app/瀑布流";
			};
			name = Debug;
		};
		F05C3A051BDF16FF003D830D /* Release */ = {
			isa = XCBuildConfiguration;
			buildSettings = {
				BUNDLE_LOADER = "$(TEST_HOST)";
				FRAMEWORK_SEARCH_PATHS = (
					"$(SDKROOT)/Developer/Library/Frameworks",
					"$(inherited)",
				);
				INFOPLIST_FILE = "瀑布流Tests/Info.plist";
				LD_RUNPATH_SEARCH_PATHS = "$(inherited) @executable_path/Frameworks @loader_path/Frameworks";
				PRODUCT_NAME = "$(TARGET_NAME)";
				TEST_HOST = "$(BUILT_PRODUCTS_DIR)/瀑布流.app/瀑布流";
			};
			name = Release;
		};
/* End XCBuildConfiguration section */

/* Begin XCConfigurationList section */
		F05C39D81BDF16FF003D830D /* Build configuration list for PBXProject "瀑布流" */ = {
			isa = XCConfigurationList;
			buildConfigurations = (
				F05C39FE1BDF16FF003D830D /* Debug */,
				F05C39FF1BDF16FF003D830D /* Release */,
			);
			defaultConfigurationIsVisible = 0;
			defaultConfigurationName = Release;
		};
		F05C3A001BDF16FF003D830D /* Build configuration list for PBXNativeTarget "瀑布流" */ = {
			isa = XCConfigurationList;
			buildConfigurations = (
				F05C3A011BDF16FF003D830D /* Debug */,
				F05C3A021BDF16FF003D830D /* Release */,
			);
			defaultConfigurationIsVisible = 0;
		};
		F05C3A031BDF16FF003D830D /* Build configuration list for PBXNativeTarget "瀑布流Tests" */ = {
			isa = XCConfigurationList;
			buildConfigurations = (
				F05C3A041BDF16FF003D830D /* Debug */,
				F05C3A051BDF16FF003D830D /* Release */,
			);
			defaultConfigurationIsVisible = 0;
		};
/* End XCConfigurationList section */
	};
	rootObject = F05C39D51BDF16FF003D830D /* Project object */;
}
